
Microsoft Visual Studio Solution File, Format Version 12.00
# Visual Studio 14
VisualStudioVersion = 14.0.23107.0
MinimumVisualStudioVersion = 10.0.40219.1
Project("{FAE04EC0-301F-11D3-BF4B-00C04F79EFBC}") = "WebDisplay", "WebDisplay\WebDisplay.csproj", "{F04F909D-5F77-4530-945C-8596736527DE}"
EndProject
Project("{FAE04EC0-301F-11D3-BF4B-00C04F79EFBC}") = "EpicsClient2", "..\EpicsClient\EpicsClient2.csproj", "{A1BED09B-5D49-4480-A6DD-736B681493A6}"
EndProject
Global
	GlobalSection(SolutionConfigurationPlatforms) = preSolution
		Debug|Any CPU = Debug|Any CPU
		Release|Any CPU = Release|Any CPU
	EndGlobalSection
	GlobalSection(ProjectConfigurationPlatforms) = postSolution
		{F04F909D-5F77-4530-945C-8596736527DE}.Debug|Any CPU.ActiveCfg = Debug|Any CPU
		{F04F909D-5F77-4530-945C-8596736527DE}.Debug|Any CPU.Build.0 = Debug|Any CPU
		{F04F909D-5F77-4530-945C-8596736527DE}.Release|Any CPU.ActiveCfg = Release|Any CPU
		{F04F909D-5F77-4530-945C-8596736527DE}.Release|Any CPU.Build.0 = Release|Any CPU
		{A1BED09B-5D49-4480-A6DD-736B681493A6}.Debug|Any CPU.ActiveCfg = Debug|Any CPU
		{A1BED09B-5D49-4480-A6DD-736B681493A6}.Debug|Any CPU.Build.0 = Debug|Any CPU
		{A1BED09B-5D49-4480-A6DD-736B681493A6}.Release|Any CPU.ActiveCfg = Release|Any CPU
		{A1BED09B-5D49-4480-A6DD-736B681493A6}.Release|Any CPU.Build.0 = Release|Any CPU
	EndGlobalSection
	GlobalSection(SolutionProperties) = preSolution
		HideSolutionNode = FALSE
	EndGlobalSection
	GlobalSection(TeamFoundationVersionControl) = preSolution
		SccNumberOfProjects = 3
		SccEnterpriseProvider = {4CA58AB2-18FA-4F8D-95D4-32DDF27D184C}
		SccTeamFoundationServer = http://tfs.psi.ch/tfs/defaultcollection
		SccProjectUniqueName0 = ..\\EpicsClient\\EpicsClient2.csproj
		SccProjectName0 = ../EpicsClient
		SccLocalPath0 = ..\\EpicsClient
		SccLocalPath1 = .
		SccProjectUniqueName2 = WebDisplay\\WebDisplay.csproj
		SccProjectName2 = WebDisplay
		SccLocalPath2 = WebDisplay
	EndGlobalSection
	GlobalSection(SubversionScc) = preSolution
		Svn-Managed = True
		Manager = AnkhSVN - Subversion Support for Visual Studio
	EndGlobalSection
EndGlobal
